
Microsoft Visual Studio Solution File, Format Version 12.00
# Visual Studio Version 17
VisualStudioVersion = 17.5.33530.505
MinimumVisualStudioVersion = 10.0.40219.1
Project("{FAE04EC0-301F-11D3-BF4B-00C04F79EFBC}") = "Lab9", "Lab9\Lab9.csproj", "{921DAFEC-AA90-41C4-893F-8EC2BF0013F2}"
EndProject
Global
	GlobalSection(SolutionConfigurationPlatforms) = preSolution
		Debug|Any CPU = Debug|Any CPU
		Release|Any CPU = Release|Any CPU
	EndGlobalSection
	GlobalSection(ProjectConfigurationPlatforms) = postSolution
		{921DAFEC-AA90-41C4-893F-8EC2BF0013F2}.Debug|Any CPU.ActiveCfg = Debug|Any CPU
		{921DAFEC-AA90-41C4-893F-8EC2BF0013F2}.Debug|Any CPU.Build.0 = Debug|Any CPU
		{921DAFEC-AA90-41C4-893F-8EC2BF0013F2}.Release|Any CPU.ActiveCfg = Release|Any CPU
		{921DAFEC-AA90-41C4-893F-8EC2BF0013F2}.Release|Any CPU.Build.0 = Release|Any CPU
	EndGlobalSection
	GlobalSection(SolutionProperties) = preSolution
		HideSolutionNode = FALSE
	EndGlobalSection
	GlobalSection(ExtensibilityGlobals) = postSolution
		SolutionGuid = {F5CA9B57-342F-4B18-9168-9749C2599C23}
	EndGlobalSection
EndGlobal
